
Microsoft Visual Studio Solution File, Format Version 12.00
# Visual Studio 15
VisualStudioVersion = 15.0.27428.2037
MinimumVisualStudioVersion = 10.0.40219.1
Project("{FAE04EC0-301F-11D3-BF4B-00C04F79EFBC}") = "Pattern.AbstractFactory", "Pattern.AbstractFactory\Pattern.AbstractFactory.csproj", "{53AD9721-AB5B-43AD-83BF-EAD544DAFD7B}"
EndProject
Project("{FAE04EC0-301F-11D3-BF4B-00C04F79EFBC}") = "Pattern.Adapter", "Pattern.Adapter\Pattern.Adapter.csproj", "{990D89E6-5D5D-4E98-A263-F6ED0F2D9F66}"
EndProject
Project("{2150E333-8FDC-42A3-9474-1A3956D46DE8}") = "Behavioral Patterns", "Behavioral Patterns", "{81789810-17C5-453E-9898-6D0F724F2695}"
EndProject
Project("{2150E333-8FDC-42A3-9474-1A3956D46DE8}") = "Creational Patterns", "Creational Patterns", "{50D13A22-31E7-41C8-B00F-5A87949E2B70}"
EndProject
Project("{2150E333-8FDC-42A3-9474-1A3956D46DE8}") = "Structural Patterns", "Structural Patterns", "{D6D0C678-FBAA-4564-936D-706398B9C78C}"
EndProject
Project("{FAE04EC0-301F-11D3-BF4B-00C04F79EFBC}") = "Pattern.ChainOfResp", "Pattern.ChainOfResp\Pattern.ChainOfResp.csproj", "{1831D875-9543-4340-9F2C-9980ECDBE180}"
EndProject
Project("{FAE04EC0-301F-11D3-BF4B-00C04F79EFBC}") = "Pattern.Command", "Pattern.Command\Pattern.Command.csproj", "{403EFB8D-B20F-4046-B5AF-DA4A173E325A}"
EndProject
Project("{FAE04EC0-301F-11D3-BF4B-00C04F79EFBC}") = "Pattern.Interpreter", "Pattern.Interpreter\Pattern.Interpreter.csproj", "{D5FBEA86-7988-47DF-AA1E-798C6FF8BB87}"
EndProject
Project("{FAE04EC0-301F-11D3-BF4B-00C04F79EFBC}") = "Pattern.Iterator", "Pattern.Iterator\Pattern.Iterator.csproj", "{320A466C-C42E-4993-902E-235EBFFAA4B7}"
EndProject
Project("{FAE04EC0-301F-11D3-BF4B-00C04F79EFBC}") = "Pattern.Mediator", "Pattern.Mediator\Pattern.Mediator.csproj", "{CC8A99D3-ACC0-42EE-9D45-616E69C19FFD}"
EndProject
Project("{FAE04EC0-301F-11D3-BF4B-00C04F79EFBC}") = "Pattern.Memento", "Pattern.Memento\Pattern.Memento.csproj", "{EA4E8CA3-9ED2-4367-99F1-1E5C202F7E3D}"
EndProject
Project("{FAE04EC0-301F-11D3-BF4B-00C04F79EFBC}") = "Pattern.Observer", "Pattern.Observer\Pattern.Observer.csproj", "{8FF4B3EC-639B-4F4C-A065-FBFAA471A1FA}"
EndProject
Project("{FAE04EC0-301F-11D3-BF4B-00C04F79EFBC}") = "Pattern.State", "Pattern.State\Pattern.State.csproj", "{16F3C37C-6E45-4998-B49C-4CF9171878D1}"
EndProject
Project("{FAE04EC0-301F-11D3-BF4B-00C04F79EFBC}") = "Pattern.Strategy", "Pattern.Strategy\Pattern.Strategy.csproj", "{BA946547-98CB-4203-BB1F-DDB66085B57C}"
EndProject
Project("{FAE04EC0-301F-11D3-BF4B-00C04F79EFBC}") = "Pattern.TemplateMethod", "Pattern.TemplateMethod\Pattern.TemplateMethod.csproj", "{70A13BFF-DF99-46CB-8089-E9EAF4DDED27}"
EndProject
Project("{FAE04EC0-301F-11D3-BF4B-00C04F79EFBC}") = "Pattern.Visitor", "Pattern.Visitor\Pattern.Visitor.csproj", "{65963F63-C3B9-496B-A021-D1FFC1D4BCA9}"
EndProject
Project("{FAE04EC0-301F-11D3-BF4B-00C04F79EFBC}") = "Pattern.Builder", "Pattern.Builder\Pattern.Builder.csproj", "{168DFEF5-E17A-40BF-88DB-3C5DF79B0348}"
EndProject
Project("{FAE04EC0-301F-11D3-BF4B-00C04F79EFBC}") = "Pattern.FactoryMethod", "Pattern.FactoryMethod\Pattern.FactoryMethod.csproj", "{D364C46F-4FAD-4CC7-8843-3F989F2AFB7D}"
EndProject
Project("{FAE04EC0-301F-11D3-BF4B-00C04F79EFBC}") = "Pattern.Prototype", "Pattern.Prototype\Pattern.Prototype.csproj", "{64FB54D8-A84F-473C-8C35-FB0B5D0D319F}"
EndProject
Project("{FAE04EC0-301F-11D3-BF4B-00C04F79EFBC}") = "Pattern.Singleton", "Pattern.Singleton\Pattern.Singleton.csproj", "{5F931061-E5BD-4EB9-9401-C9C6515178D1}"
EndProject
Project("{FAE04EC0-301F-11D3-BF4B-00C04F79EFBC}") = "Pattern.Bridge", "Pattern.Bridge\Pattern.Bridge.csproj", "{BD37EE49-B18C-43F6-B4DD-883E88B3E576}"
EndProject
Project("{FAE04EC0-301F-11D3-BF4B-00C04F79EFBC}") = "Pattern.Composite", "Pattern.Composite\Pattern.Composite.csproj", "{454D91EB-7D6C-41DE-B3D0-8504B530EE42}"
EndProject
Project("{FAE04EC0-301F-11D3-BF4B-00C04F79EFBC}") = "Pattern.Decorator", "Pattern.Decorator\Pattern.Decorator.csproj", "{A4A41157-A499-4873-84B4-E06C7166B207}"
EndProject
Project("{FAE04EC0-301F-11D3-BF4B-00C04F79EFBC}") = "Pattern.Facade", "Pattern.Facade\Pattern.Facade.csproj", "{F8D0E69A-4F60-42A8-91DF-A1B1156A9D4C}"
EndProject
Project("{FAE04EC0-301F-11D3-BF4B-00C04F79EFBC}") = "Pattern.Flyweight", "Pattern.Flyweight\Pattern.Flyweight.csproj", "{963AF0D2-A85C-4213-A92A-6EE0C311CDE2}"
EndProject
Project("{FAE04EC0-301F-11D3-BF4B-00C04F79EFBC}") = "Pattern.Proxy", "Pattern.Proxy\Pattern.Proxy.csproj", "{D6DBA5EA-57C8-494D-A56D-A1CD626DAC2C}"
EndProject
Global
	GlobalSection(SolutionConfigurationPlatforms) = preSolution
		Debug|Any CPU = Debug|Any CPU
		Release|Any CPU = Release|Any CPU
	EndGlobalSection
	GlobalSection(ProjectConfigurationPlatforms) = postSolution
		{53AD9721-AB5B-43AD-83BF-EAD544DAFD7B}.Debug|Any CPU.ActiveCfg = Debug|Any CPU
		{53AD9721-AB5B-43AD-83BF-EAD544DAFD7B}.Debug|Any CPU.Build.0 = Debug|Any CPU
		{53AD9721-AB5B-43AD-83BF-EAD544DAFD7B}.Release|Any CPU.ActiveCfg = Release|Any CPU
		{53AD9721-AB5B-43AD-83BF-EAD544DAFD7B}.Release|Any CPU.Build.0 = Release|Any CPU
		{990D89E6-5D5D-4E98-A263-F6ED0F2D9F66}.Debug|Any CPU.ActiveCfg = Debug|Any CPU
		{990D89E6-5D5D-4E98-A263-F6ED0F2D9F66}.Debug|Any CPU.Build.0 = Debug|Any CPU
		{990D89E6-5D5D-4E98-A263-F6ED0F2D9F66}.Release|Any CPU.ActiveCfg = Release|Any CPU
		{990D89E6-5D5D-4E98-A263-F6ED0F2D9F66}.Release|Any CPU.Build.0 = Release|Any CPU
		{1831D875-9543-4340-9F2C-9980ECDBE180}.Debug|Any CPU.ActiveCfg = Debug|Any CPU
		{1831D875-9543-4340-9F2C-9980ECDBE180}.Debug|Any CPU.Build.0 = Debug|Any CPU
		{1831D875-9543-4340-9F2C-9980ECDBE180}.Release|Any CPU.ActiveCfg = Release|Any CPU
		{1831D875-9543-4340-9F2C-9980ECDBE180}.Release|Any CPU.Build.0 = Release|Any CPU
		{403EFB8D-B20F-4046-B5AF-DA4A173E325A}.Debug|Any CPU.ActiveCfg = Debug|Any CPU
		{403EFB8D-B20F-4046-B5AF-DA4A173E325A}.Debug|Any CPU.Build.0 = Debug|Any CPU
		{403EFB8D-B20F-4046-B5AF-DA4A173E325A}.Release|Any CPU.ActiveCfg = Release|Any CPU
		{403EFB8D-B20F-4046-B5AF-DA4A173E325A}.Release|Any CPU.Build.0 = Release|Any CPU
		{D5FBEA86-7988-47DF-AA1E-798C6FF8BB87}.Debug|Any CPU.ActiveCfg = Debug|Any CPU
		{D5FBEA86-7988-47DF-AA1E-798C6FF8BB87}.Debug|Any CPU.Build.0 = Debug|Any CPU
		{D5FBEA86-7988-47DF-AA1E-798C6FF8BB87}.Release|Any CPU.ActiveCfg = Release|Any CPU
		{D5FBEA86-7988-47DF-AA1E-798C6FF8BB87}.Release|Any CPU.Build.0 = Release|Any CPU
		{320A466C-C42E-4993-902E-235EBFFAA4B7}.Debug|Any CPU.ActiveCfg = Debug|Any CPU
		{320A466C-C42E-4993-902E-235EBFFAA4B7}.Debug|Any CPU.Build.0 = Debug|Any CPU
		{320A466C-C42E-4993-902E-235EBFFAA4B7}.Release|Any CPU.ActiveCfg = Release|Any CPU
		{320A466C-C42E-4993-902E-235EBFFAA4B7}.Release|Any CPU.Build.0 = Release|Any CPU
		{CC8A99D3-ACC0-42EE-9D45-616E69C19FFD}.Debug|Any CPU.ActiveCfg = Debug|Any CPU
		{CC8A99D3-ACC0-42EE-9D45-616E69C19FFD}.Debug|Any CPU.Build.0 = Debug|Any CPU
		{CC8A99D3-ACC0-42EE-9D45-616E69C19FFD}.Release|Any CPU.ActiveCfg = Release|Any CPU
		{CC8A99D3-ACC0-42EE-9D45-616E69C19FFD}.Release|Any CPU.Build.0 = Release|Any CPU
		{EA4E8CA3-9ED2-4367-99F1-1E5C202F7E3D}.Debug|Any CPU.ActiveCfg = Debug|Any CPU
		{EA4E8CA3-9ED2-4367-99F1-1E5C202F7E3D}.Debug|Any CPU.Build.0 = Debug|Any CPU
		{EA4E8CA3-9ED2-4367-99F1-1E5C202F7E3D}.Release|Any CPU.ActiveCfg = Release|Any CPU
		{EA4E8CA3-9ED2-4367-99F1-1E5C202F7E3D}.Release|Any CPU.Build.0 = Release|Any CPU
		{8FF4B3EC-639B-4F4C-A065-FBFAA471A1FA}.Debug|Any CPU.ActiveCfg = Debug|Any CPU
		{8FF4B3EC-639B-4F4C-A065-FBFAA471A1FA}.Debug|Any CPU.Build.0 = Debug|Any CPU
		{8FF4B3EC-639B-4F4C-A065-FBFAA471A1FA}.Release|Any CPU.ActiveCfg = Release|Any CPU
		{8FF4B3EC-639B-4F4C-A065-FBFAA471A1FA}.Release|Any CPU.Build.0 = Release|Any CPU
		{16F3C37C-6E45-4998-B49C-4CF9171878D1}.Debug|Any CPU.ActiveCfg = Debug|Any CPU
		{16F3C37C-6E45-4998-B49C-4CF9171878D1}.Debug|Any CPU.Build.0 = Debug|Any CPU
		{16F3C37C-6E45-4998-B49C-4CF9171878D1}.Release|Any CPU.ActiveCfg = Release|Any CPU
		{16F3C37C-6E45-4998-B49C-4CF9171878D1}.Release|Any CPU.Build.0 = Release|Any CPU
		{BA946547-98CB-4203-BB1F-DDB66085B57C}.Debug|Any CPU.ActiveCfg = Debug|Any CPU
		{BA946547-98CB-4203-BB1F-DDB66085B57C}.Debug|Any CPU.Build.0 = Debug|Any CPU
		{BA946547-98CB-4203-BB1F-DDB66085B57C}.Release|Any CPU.ActiveCfg = Release|Any CPU
		{BA946547-98CB-4203-BB1F-DDB66085B57C}.Release|Any CPU.Build.0 = Release|Any CPU
		{70A13BFF-DF99-46CB-8089-E9EAF4DDED27}.Debug|Any CPU.ActiveCfg = Debug|Any CPU
		{70A13BFF-DF99-46CB-8089-E9EAF4DDED27}.Debug|Any CPU.Build.0 = Debug|Any CPU
		{70A13BFF-DF99-46CB-8089-E9EAF4DDED27}.Release|Any CPU.ActiveCfg = Release|Any CPU
		{70A13BFF-DF99-46CB-8089-E9EAF4DDED27}.Release|Any CPU.Build.0 = Release|Any CPU
		{65963F63-C3B9-496B-A021-D1FFC1D4BCA9}.Debug|Any CPU.ActiveCfg = Debug|Any CPU
		{65963F63-C3B9-496B-A021-D1FFC1D4BCA9}.Debug|Any CPU.Build.0 = Debug|Any CPU
		{65963F63-C3B9-496B-A021-D1FFC1D4BCA9}.Release|Any CPU.ActiveCfg = Release|Any CPU
		{65963F63-C3B9-496B-A021-D1FFC1D4BCA9}.Release|Any CPU.Build.0 = Release|Any CPU
		{168DFEF5-E17A-40BF-88DB-3C5DF79B0348}.Debug|Any CPU.ActiveCfg = Debug|Any CPU
		{168DFEF5-E17A-40BF-88DB-3C5DF79B0348}.Debug|Any CPU.Build.0 = Debug|Any CPU
		{168DFEF5-E17A-40BF-88DB-3C5DF79B0348}.Release|Any CPU.ActiveCfg = Release|Any CPU
		{168DFEF5-E17A-40BF-88DB-3C5DF79B0348}.Release|Any CPU.Build.0 = Release|Any CPU
		{D364C46F-4FAD-4CC7-8843-3F989F2AFB7D}.Debug|Any CPU.ActiveCfg = Debug|Any CPU
		{D364C46F-4FAD-4CC7-8843-3F989F2AFB7D}.Debug|Any CPU.Build.0 = Debug|Any CPU
		{D364C46F-4FAD-4CC7-8843-3F989F2AFB7D}.Release|Any CPU.ActiveCfg = Release|Any CPU
		{D364C46F-4FAD-4CC7-8843-3F989F2AFB7D}.Release|Any CPU.Build.0 = Release|Any CPU
		{64FB54D8-A84F-473C-8C35-FB0B5D0D319F}.Debug|Any CPU.ActiveCfg = Debug|Any CPU
		{64FB54D8-A84F-473C-8C35-FB0B5D0D319F}.Debug|Any CPU.Build.0 = Debug|Any CPU
		{64FB54D8-A84F-473C-8C35-FB0B5D0D319F}.Release|Any CPU.ActiveCfg = Release|Any CPU
		{64FB54D8-A84F-473C-8C35-FB0B5D0D319F}.Release|Any CPU.Build.0 = Release|Any CPU
		{5F931061-E5BD-4EB9-9401-C9C6515178D1}.Debug|Any CPU.ActiveCfg = Debug|Any CPU
		{5F931061-E5BD-4EB9-9401-C9C6515178D1}.Debug|Any CPU.Build.0 = Debug|Any CPU
		{5F931061-E5BD-4EB9-9401-C9C6515178D1}.Release|Any CPU.ActiveCfg = Release|Any CPU
		{5F931061-E5BD-4EB9-9401-C9C6515178D1}.Release|Any CPU.Build.0 = Release|Any CPU
		{BD37EE49-B18C-43F6-B4DD-883E88B3E576}.Debug|Any CPU.ActiveCfg = Debug|Any CPU
		{BD37EE49-B18C-43F6-B4DD-883E88B3E576}.Debug|Any CPU.Build.0 = Debug|Any CPU
		{BD37EE49-B18C-43F6-B4DD-883E88B3E576}.Release|Any CPU.ActiveCfg = Release|Any CPU
		{BD37EE49-B18C-43F6-B4DD-883E88B3E576}.Release|Any CPU.Build.0 = Release|Any CPU
		{454D91EB-7D6C-41DE-B3D0-8504B530EE42}.Debug|Any CPU.ActiveCfg = Debug|Any CPU
		{454D91EB-7D6C-41DE-B3D0-8504B530EE42}.Debug|Any CPU.Build.0 = Debug|Any CPU
		{454D91EB-7D6C-41DE-B3D0-8504B530EE42}.Release|Any CPU.ActiveCfg = Release|Any CPU
		{454D91EB-7D6C-41DE-B3D0-8504B530EE42}.Release|Any CPU.Build.0 = Release|Any CPU
		{A4A41157-A499-4873-84B4-E06C7166B207}.Debug|Any CPU.ActiveCfg = Debug|Any CPU
		{A4A41157-A499-4873-84B4-E06C7166B207}.Debug|Any CPU.Build.0 = Debug|Any CPU
		{A4A41157-A499-4873-84B4-E06C7166B207}.Release|Any CPU.ActiveCfg = Release|Any CPU
		{A4A41157-A499-4873-84B4-E06C7166B207}.Release|Any CPU.Build.0 = Release|Any CPU
		{F8D0E69A-4F60-42A8-91DF-A1B1156A9D4C}.Debug|Any CPU.ActiveCfg = Debug|Any CPU
		{F8D0E69A-4F60-42A8-91DF-A1B1156A9D4C}.Debug|Any CPU.Build.0 = Debug|Any CPU
		{F8D0E69A-4F60-42A8-91DF-A1B1156A9D4C}.Release|Any CPU.ActiveCfg = Release|Any CPU
		{F8D0E69A-4F60-42A8-91DF-A1B1156A9D4C}.Release|Any CPU.Build.0 = Release|Any CPU
		{963AF0D2-A85C-4213-A92A-6EE0C311CDE2}.Debug|Any CPU.ActiveCfg = Debug|Any CPU
		{963AF0D2-A85C-4213-A92A-6EE0C311CDE2}.Debug|Any CPU.Build.0 = Debug|Any CPU
		{963AF0D2-A85C-4213-A92A-6EE0C311CDE2}.Release|Any CPU.ActiveCfg = Release|Any CPU
		{963AF0D2-A85C-4213-A92A-6EE0C311CDE2}.Release|Any CPU.Build.0 = Release|Any CPU
		{D6DBA5EA-57C8-494D-A56D-A1CD626DAC2C}.Debug|Any CPU.ActiveCfg = Debug|Any CPU
		{D6DBA5EA-57C8-494D-A56D-A1CD626DAC2C}.Debug|Any CPU.Build.0 = Debug|Any CPU
		{D6DBA5EA-57C8-494D-A56D-A1CD626DAC2C}.Release|Any CPU.ActiveCfg = Release|Any CPU
		{D6DBA5EA-57C8-494D-A56D-A1CD626DAC2C}.Release|Any CPU.Build.0 = Release|Any CPU
	EndGlobalSection
	GlobalSection(SolutionProperties) = preSolution
		HideSolutionNode = FALSE
	EndGlobalSection
	GlobalSection(NestedProjects) = preSolution
		{53AD9721-AB5B-43AD-83BF-EAD544DAFD7B} = {50D13A22-31E7-41C8-B00F-5A87949E2B70}
		{990D89E6-5D5D-4E98-A263-F6ED0F2D9F66} = {D6D0C678-FBAA-4564-936D-706398B9C78C}
		{1831D875-9543-4340-9F2C-9980ECDBE180} = {81789810-17C5-453E-9898-6D0F724F2695}
		{403EFB8D-B20F-4046-B5AF-DA4A173E325A} = {81789810-17C5-453E-9898-6D0F724F2695}
		{D5FBEA86-7988-47DF-AA1E-798C6FF8BB87} = {81789810-17C5-453E-9898-6D0F724F2695}
		{320A466C-C42E-4993-902E-235EBFFAA4B7} = {81789810-17C5-453E-9898-6D0F724F2695}
		{CC8A99D3-ACC0-42EE-9D45-616E69C19FFD} = {81789810-17C5-453E-9898-6D0F724F2695}
		{EA4E8CA3-9ED2-4367-99F1-1E5C202F7E3D} = {81789810-17C5-453E-9898-6D0F724F2695}
		{8FF4B3EC-639B-4F4C-A065-FBFAA471A1FA} = {81789810-17C5-453E-9898-6D0F724F2695}
		{16F3C37C-6E45-4998-B49C-4CF9171878D1} = {81789810-17C5-453E-9898-6D0F724F2695}
		{BA946547-98CB-4203-BB1F-DDB66085B57C} = {81789810-17C5-453E-9898-6D0F724F2695}
		{70A13BFF-DF99-46CB-8089-E9EAF4DDED27} = {81789810-17C5-453E-9898-6D0F724F2695}
		{65963F63-C3B9-496B-A021-D1FFC1D4BCA9} = {81789810-17C5-453E-9898-6D0F724F2695}
		{168DFEF5-E17A-40BF-88DB-3C5DF79B0348} = {50D13A22-31E7-41C8-B00F-5A87949E2B70}
		{D364C46F-4FAD-4CC7-8843-3F989F2AFB7D} = {50D13A22-31E7-41C8-B00F-5A87949E2B70}
		{64FB54D8-A84F-473C-8C35-FB0B5D0D319F} = {50D13A22-31E7-41C8-B00F-5A87949E2B70}
		{5F931061-E5BD-4EB9-9401-C9C6515178D1} = {50D13A22-31E7-41C8-B00F-5A87949E2B70}
		{BD37EE49-B18C-43F6-B4DD-883E88B3E576} = {D6D0C678-FBAA-4564-936D-706398B9C78C}
		{454D91EB-7D6C-41DE-B3D0-8504B530EE42} = {D6D0C678-FBAA-4564-936D-706398B9C78C}
		{A4A41157-A499-4873-84B4-E06C7166B207} = {D6D0C678-FBAA-4564-936D-706398B9C78C}
		{F8D0E69A-4F60-42A8-91DF-A1B1156A9D4C} = {D6D0C678-FBAA-4564-936D-706398B9C78C}
		{963AF0D2-A85C-4213-A92A-6EE0C311CDE2} = {D6D0C678-FBAA-4564-936D-706398B9C78C}
		{D6DBA5EA-57C8-494D-A56D-A1CD626DAC2C} = {D6D0C678-FBAA-4564-936D-706398B9C78C}
	EndGlobalSection
	GlobalSection(ExtensibilityGlobals) = postSolution
		SolutionGuid = {E4162B9C-61D0-4D60-8379-5182A9DA0D7F}
	EndGlobalSection
EndGlobal
